# This file is generated by running "yarn install" inside your project.
# Manual changes might be lost - proceed with caution!

__metadata:
  version: 4
  cacheKey: 8

"@types/node@npm:^16.7.10":
  version: 16.7.10
  resolution: "@types/node@npm:16.7.10"
  checksum: 0518803caa1a14f4070e770a280eda1c4b4581a425cbda481cdd54b1f34a7ea497ff067fd23b90e3d4f4fdcfba15c1316182875e9cf9f5b2e880de1e595de053
  languageName: node
  linkType: hard

"@types/semver@npm:^7.3.8":
  version: 7.3.8
  resolution: "@types/semver@npm:7.3.8"
  checksum: bc90f5a9d5430e36f766c08c898e3c28af88830ebc7736baef8ffc74783bad2efb32f29c40d450e85fc341847ee74e2dd97b76cfc7da407e4232ba9ecae4ff9c
  languageName: node
  linkType: hard

"@yarnpkg/esbuild-plugin-pnp@npm:^1.0.1-rc.3":
  version: 1.0.1-rc.3
  resolution: "@yarnpkg/esbuild-plugin-pnp@npm:1.0.1-rc.3"
  dependencies:
    tslib: ^1.13.0
  peerDependencies:
    esbuild: ">=0.8.36"
  bin:
    esbuild-plugin-pnp: ./lib/cli.js
  checksum: 21f4d4d27fe9adae86c0073ab5d38d3946731fed1b3b352184ccf14b19d1efd33a6c0301d07e8e6e6eae71d09b4a8313e29f9df334b2b5a24c76c178b34c7547
  languageName: node
  linkType: hard

"esbuild@npm:^0.12.24":
  version: 0.12.24
  resolution: "esbuild@npm:0.12.24"
  bin:
    esbuild: bin/esbuild
  checksum: 3bb0e48d51ca87506730f9c0dc946c121680439d43dfc89ee9a22117c6d79d0124192b05d113627d1229e31b7e82e463599e48c45ce0572f0099287666e16b16
  languageName: node
  linkType: hard

"lru-cache@npm:^6.0.0":
  version: 6.0.0
  resolution: "lru-cache@npm:6.0.0"
  dependencies:
    yallist: ^4.0.0
  checksum: f97f499f898f23e4585742138a22f22526254fdba6d75d41a1c2526b3b6cc5747ef59c5612ba7375f42aca4f8461950e925ba08c991ead0651b4918b7c978297
  languageName: node
  linkType: hard

"semver@npm:^7.3.5":
  version: 7.3.5
  resolution: "semver@npm:7.3.5"
  dependencies:
    lru-cache: ^6.0.0
  bin:
    semver: bin/semver.js
  checksum: 5eafe6102bea2a7439897c1856362e31cc348ccf96efd455c8b5bc2c61e6f7e7b8250dc26b8828c1d76a56f818a7ee907a36ae9fb37a599d3d24609207001d60
  languageName: node
  linkType: hard

"tslib@npm:^1.13.0":
  version: 1.14.1
  resolution: "tslib@npm:1.14.1"
  checksum: dbe628ef87f66691d5d2959b3e41b9ca0045c3ee3c7c7b906cc1e328b39f199bb1ad9e671c39025bd56122ac57dfbf7385a94843b1cc07c60a4db74795829acd
  languageName: node
  linkType: hard

"yallist@npm:^4.0.0":
  version: 4.0.0
  resolution: "yallist@npm:4.0.0"
  checksum: 343617202af32df2a15a3be36a5a8c0c8545208f3d3dfbc6bb7c3e3b7e8c6f8e7485432e4f3b88da3031a6e20afa7c711eded32ddfb122896ac5d914e75848d5
  languageName: node
  linkType: hard

"yarn-check-node@workspace:.":
  version: 0.0.0-use.local
  resolution: "yarn-check-node@workspace:."
  dependencies:
    "@types/node": ^16.7.10
    "@types/semver": ^7.3.8
    "@yarnpkg/esbuild-plugin-pnp": ^1.0.1-rc.3
    esbuild: ^0.12.24
    semver: ^7.3.5
  languageName: unknown
  linkType: soft
